// !$*UTF8*$!
{
	archiveVersion = 1;
	classes = {
	};
	objectVersion = 46;
	objects = {

/* Begin PBXBuildFile section */
		18FB1FFC1D1AB2D1001062F6 /* main.m in Sources */ = {isa = PBXBuildFile; fileRef = 18FB1FFB1D1AB2D1001062F6 /* main.m */; };
		18FB1FFF1D1AB2D1001062F6 /* AppDelegate.m in Sources */ = {isa = PBXBuildFile; fileRef = 18FB1FFE1D1AB2D1001062F6 /* AppDelegate.m */; };
		18FB20021D1AB2D1001062F6 /* ViewController.m in Sources */ = {isa = PBXBuildFile; fileRef = 18FB20011D1AB2D1001062F6 /* ViewController.m */; };
		18FB20051D1AB2D1001062F6 /* Main.storyboard in Resources */ = {isa = PBXBuildFile; fileRef = 18FB20031D1AB2D1001062F6 /* Main.storyboard */; };
		18FB20071D1AB2D1001062F6 /* Assets.xcassets in Resources */ = {isa = PBXBuildFile; fileRef = 18FB20061D1AB2D1001062F6 /* Assets.xcassets */; };
		18FB200A1D1AB2D1001062F6 /* LaunchScreen.storyboard in Resources */ = {isa = PBXBuildFile; fileRef = 18FB20081D1AB2D1001062F6 /* LaunchScreen.storyboard */; };
		18FB20151D1AB2D1001062F6 /* MBProgressHudTests.m in Sources */ = {isa = PBXBuildFile; fileRef = 18FB20141D1AB2D1001062F6 /* MBProgressHudTests.m */; };
		18FB20201D1AB2D1001062F6 /* MBProgressHudUITests.m in Sources */ = {isa = PBXBuildFile; fileRef = 18FB201F1D1AB2D1001062F6 /* MBProgressHudUITests.m */; };
/* End PBXBuildFile section */

/* Begin PBXContainerItemProxy section */
		18FB20111D1AB2D1001062F6 /* PBXContainerItemProxy */ = {
			isa = PBXContainerItemProxy;
			containerPortal = 18FB1FEF1D1AB2D0001062F6 /* Project object */;
			proxyType = 1;
			remoteGlobalIDString = 18FB1FF61D1AB2D0001062F6;
			remoteInfo = MBProgressHud;
		};
		18FB201C1D1AB2D1001062F6 /* PBXContainerItemProxy */ = {
			isa = PBXContainerItemProxy;
			containerPortal = 18FB1FEF1D1AB2D0001062F6 /* Project object */;
			proxyType = 1;
			remoteGlobalIDString = 18FB1FF61D1AB2D0001062F6;
			remoteInfo = MBProgressHud;
		};
/* End PBXContainerItemProxy section */

/* Begin PBXFileReference section */
		18FB1FF71D1AB2D1001062F6 /* MBProgressHud.app */ = {isa = PBXFileReference; explicitFileType = wrapper.application; includeInIndex = 0; path = MBProgressHud.app; sourceTree = BUILT_PRODUCTS_DIR; };
		18FB1FFB1D1AB2D1001062F6 /* main.m */ = {isa = PBXFileReference; lastKnownFileType = sourcecode.c.objc; path = main.m; sourceTree = "<group>"; };
		18FB1FFD1D1AB2D1001062F6 /* AppDelegate.h */ = {isa = PBXFileReference; lastKnownFileType = sourcecode.c.h; path = AppDelegate.h; sourceTree = "<group>"; };
		18FB1FFE1D1AB2D1001062F6 /* AppDelegate.m */ = {isa = PBXFileReference; lastKnownFileType = sourcecode.c.objc; path = AppDelegate.m; sourceTree = "<group>"; };
		18FB20001D1AB2D1001062F6 /* ViewController.h */ = {isa = PBXFileReference; lastKnownFileType = sourcecode.c.h; path = ViewController.h; sourceTree = "<group>"; };
		18FB20011D1AB2D1001062F6 /* ViewController.m */ = {isa = PBXFileReference; lastKnownFileType = sourcecode.c.objc; path = ViewController.m; sourceTree = "<group>"; };
		18FB20041D1AB2D1001062F6 /* Base */ = {isa = PBXFileReference; lastKnownFileType = file.storyboard; name = Base; path = Base.lproj/Main.storyboard; sourceTree = "<group>"; };
		18FB20061D1AB2D1001062F6 /* Assets.xcassets */ = {isa = PBXFileReference; lastKnownFileType = folder.assetcatalog; path = Assets.xcassets; sourceTree = "<group>"; };
		18FB20091D1AB2D1001062F6 /* Base */ = {isa = PBXFileReference; lastKnownFileType = file.storyboard; name = Base; path = Base.lproj/LaunchScreen.storyboard; sourceTree = "<group>"; };
		18FB200B1D1AB2D1001062F6 /* Info.plist */ = {isa = PBXFileReference; lastKnownFileType = text.plist.xml; path = Info.plist; sourceTree = "<group>"; };
		18FB20101D1AB2D1001062F6 /* MBProgressHudTests.xctest */ = {isa = PBXFileReference; explicitFileType = wrapper.cfbundle; includeInIndex = 0; path = MBProgressHudTests.xctest; sourceTree = BUILT_PRODUCTS_DIR; };
		18FB20141D1AB2D1001062F6 /* MBProgressHudTests.m */ = {isa = PBXFileReference; lastKnownFileType = sourcecode.c.objc; path = MBProgressHudTests.m; sourceTree = "<group>"; };
		18FB20161D1AB2D1001062F6 /* Info.plist */ = {isa = PBXFileReference; lastKnownFileType = text.plist.xml; path = Info.plist; sourceTree = "<group>"; };
		18FB201B1D1AB2D1001062F6 /* MBProgressHudUITests.xctest */ = {isa = PBXFileReference; explicitFileType = wrapper.cfbundle; includeInIndex = 0; path = MBProgressHudUITests.xctest; sourceTree = BUILT_PRODUCTS_DIR; };
		18FB201F1D1AB2D1001062F6 /* MBProgressHudUITests.m */ = {isa = PBXFileReference; lastKnownFileType = sourcecode.c.objc; path = MBProgressHudUITests.m; sourceTree = "<group>"; };
		18FB20211D1AB2D1001062F6 /* Info.plist */ = {isa = PBXFileReference; lastKnownFileType = text.plist.xml; path = Info.plist; sourceTree = "<group>"; };
/* End PBXFileReference section */

/* Begin PBXFrameworksBuildPhase section */
		18FB1FF41D1AB2D0001062F6 /* Frameworks */ = {
			isa = PBXFrameworksBuildPhase;
			buildActionMask = 2147483647;
			files = (
			);
			runOnlyForDeploymentPostprocessing = 0;
		};
		18FB200D1D1AB2D1001062F6 /* Frameworks */ = {
			isa = PBXFrameworksBuildPhase;
			buildActionMask = 2147483647;
			files = (
			);
			runOnlyForDeploymentPostprocessing = 0;
		};
		18FB20181D1AB2D1001062F6 /* Frameworks */ = {
			isa = PBXFrameworksBuildPhase;
			buildActionMask = 2147483647;
			files = (
			);
			runOnlyForDeploymentPostprocessing = 0;
		};
/* End PBXFrameworksBuildPhase section */

/* Begin PBXGroup section */
		18FB1FEE1D1AB2D0001062F6 = {
			isa = PBXGroup;
			children = (
				18FB1FF91D1AB2D1001062F6 /* MBProgressHud */,
				18FB20131D1AB2D1001062F6 /* MBProgressHudTests */,
				18FB201E1D1AB2D1001062F6 /* MBProgressHudUITests */,
				18FB1FF81D1AB2D1001062F6 /* Products */,
			);
			sourceTree = "<group>";
		};
		18FB1FF81D1AB2D1001062F6 /* Products */ = {
			isa = PBXGroup;
			children = (
				18FB1FF71D1AB2D1001062F6 /* MBProgressHud.app */,
				18FB20101D1AB2D1001062F6 /* MBProgressHudTests.xctest */,
				18FB201B1D1AB2D1001062F6 /* MBProgressHudUITests.xctest */,
			);
			name = Products;
			sourceTree = "<group>";
		};
		18FB1FF91D1AB2D1001062F6 /* MBProgressHud */ = {
			isa = PBXGroup;
			children = (
				18FB1FFD1D1AB2D1001062F6 /* AppDelegate.h */,
				18FB1FFE1D1AB2D1001062F6 /* AppDelegate.m */,
				18FB20001D1AB2D1001062F6 /* ViewController.h */,
				18FB20011D1AB2D1001062F6 /* ViewController.m */,
				18FB20031D1AB2D1001062F6 /* Main.storyboard */,
				18FB20061D1AB2D1001062F6 /* Assets.xcassets */,
				18FB20081D1AB2D1001062F6 /* LaunchScreen.storyboard */,
				18FB200B1D1AB2D1001062F6 /* Info.plist */,
				18FB1FFA1D1AB2D1001062F6 /* Supporting Files */,
			);
			path = MBProgressHud;
			sourceTree = "<group>";
		};
		18FB1FFA1D1AB2D1001062F6 /* Supporting Files */ = {
			isa = PBXGroup;
			children = (
				18FB1FFB1D1AB2D1001062F6 /* main.m */,
			);
			name = "Supporting Files";
			sourceTree = "<group>";
		};
		18FB20131D1AB2D1001062F6 /* MBProgressHudTests */ = {
			isa = PBXGroup;
			children = (
				18FB20141D1AB2D1001062F6 /* MBProgressHudTests.m */,
				18FB20161D1AB2D1001062F6 /* Info.plist */,
			);
			path = MBProgressHudTests;
			sourceTree = "<group>";
		};
		18FB201E1D1AB2D1001062F6 /* MBProgressHudUITests */ = {
			isa = PBXGroup;
			children = (
				18FB201F1D1AB2D1001062F6 /* MBProgressHudUITests.m */,
				18FB20211D1AB2D1001062F6 /* Info.plist */,
			);
			path = MBProgressHudUITests;
			sourceTree = "<group>";
		};
/* End PBXGroup section */

/* Begin PBXNativeTarget section */
		18FB1FF61D1AB2D0001062F6 /* MBProgressHud */ = {
			isa = PBXNativeTarget;
			buildConfigurationList = 18FB20241D1AB2D1001062F6 /* Build configuration list for PBXNativeTarget "MBProgressHud" */;
			buildPhases = (
				18FB1FF31D1AB2D0001062F6 /* Sources */,
				18FB1FF41D1AB2D0001062F6 /* Frameworks */,
				18FB1FF51D1AB2D0001062F6 /* Resources */,
			);
			buildRules = (
			);
			dependencies = (
			);
			name = MBProgressHud;
			productName = MBProgressHud;
			productReference = 18FB1FF71D1AB2D1001062F6 /* MBProgressHud.app */;
			productType = "com.apple.product-type.application";
		};
		18FB200F1D1AB2D1001062F6 /* MBProgressHudTests */ = {
			isa = PBXNativeTarget;
			buildConfigurationList = 18FB20271D1AB2D1001062F6 /* Build configuration list for PBXNativeTarget "MBProgressHudTests" */;
			buildPhases = (
				18FB200C1D1AB2D1001062F6 /* Sources */,
				18FB200D1D1AB2D1001062F6 /* Frameworks */,
				18FB200E1D1AB2D1001062F6 /* Resources */,
			);
			buildRules = (
			);
			dependencies = (
				18FB20121D1AB2D1001062F6 /* PBXTargetDependency */,
			);
			name = MBProgressHudTests;
			productName = MBProgressHudTests;
			productReference = 18FB20101D1AB2D1001062F6 /* MBProgressHudTests.xctest */;
			productType = "com.apple.product-type.bundle.unit-test";
		};
		18FB201A1D1AB2D1001062F6 /* MBProgressHudUITests */ = {
			isa = PBXNativeTarget;
			buildConfigurationList = 18FB202A1D1AB2D1001062F6 /* Build configuration list for PBXNativeTarget "MBProgressHudUITests" */;
			buildPhases = (
				18FB20171D1AB2D1001062F6 /* Sources */,
				18FB20181D1AB2D1001062F6 /* Frameworks */,
				18FB20191D1AB2D1001062F6 /* Resources */,
			);
			buildRules = (
			);
			dependencies = (
				18FB201D1D1AB2D1001062F6 /* PBXTargetDependency */,
			);
			name = MBProgressHudUITests;
			productName = MBProgressHudUITests;
			productReference = 18FB201B1D1AB2D1001062F6 /* MBProgressHudUITests.xctest */;
			productType = "com.apple.product-type.bundle.ui-testing";
		};
/* End PBXNativeTarget section */

/* Begin PBXProject section */
		18FB1FEF1D1AB2D0001062F6 /* Project object */ = {
			isa = PBXProject;
			attributes = {
				LastUpgradeCheck = 0730;
				ORGANIZATIONNAME = AhexTech;
				TargetAttributes = {
					18FB1FF61D1AB2D0001062F6 = {
						CreatedOnToolsVersion = 7.3;
					};
					18FB200F1D1AB2D1001062F6 = {
						CreatedOnToolsVersion = 7.3;
						TestTargetID = 18FB1FF61D1AB2D0001062F6;
					};
					18FB201A1D1AB2D1001062F6 = {
						CreatedOnToolsVersion = 7.3;
						TestTargetID = 18FB1FF61D1AB2D0001062F6;
					};
				};
			};
			buildConfigurationList = 18FB1FF21D1AB2D0001062F6 /* Build configuration list for PBXProject "MBProgressHud" */;
			compatibilityVersion = "Xcode 3.2";
			developmentRegion = English;
			hasScannedForEncodings = 0;
			knownRegions = (
				en,
				Base,
			);
			mainGroup = 18FB1FEE1D1AB2D0001062F6;
			productRefGroup = 18FB1FF81D1AB2D1001062F6 /* Products */;
			projectDirPath = "";
			projectRoot = "";
			targets = (
				18FB1FF61D1AB2D0001062F6 /* MBProgressHud */,
				18FB200F1D1AB2D1001062F6 /* MBProgressHudTests */,
				18FB201A1D1AB2D1001062F6 /* MBProgressHudUITests */,
			);
		};
/* End PBXProject section */

/* Begin PBXResourcesBuildPhase section */
		18FB1FF51D1AB2D0001062F6 /* Resources */ = {
			isa = PBXResourcesBuildPhase;
			buildActionMask = 2147483647;
			files = (
				18FB200A1D1AB2D1001062F6 /* LaunchScreen.storyboard in Resources */,
				18FB20071D1AB2D1001062F6 /* Assets.xcassets in Resources */,
				18FB20051D1AB2D1001062F6 /* Main.storyboard in Resources */,
			);
			runOnlyForDeploymentPostprocessing = 0;
		};
		18FB200E1D1AB2D1001062F6 /* Resources */ = {
			isa = PBXResourcesBuildPhase;
			buildActionMask = 2147483647;
			files = (
			);
			runOnlyForDeploymentPostprocessing = 0;
		};
		18FB20191D1AB2D1001062F6 /* Resources */ = {
			isa = PBXResourcesBuildPhase;
			buildActionMask = 2147483647;
			files = (
			);
			runOnlyForDeploymentPostprocessing = 0;
		};
/* End PBXResourcesBuildPhase section */

/* Begin PBXSourcesBuildPhase section */
		18FB1FF31D1AB2D0001062F6 /* Sources */ = {
			isa = PBXSourcesBuildPhase;
			buildActionMask = 2147483647;
			files = (
				18FB20021D1AB2D1001062F6 /* ViewController.m in Sources */,
				18FB1FFF1D1AB2D1001062F6 /* AppDelegate.m in Sources */,
				18FB1FFC1D1AB2D1001062F6 /* main.m in Sources */,
			);
			runOnlyForDeploymentPostprocessing = 0;
		};
		18FB200C1D1AB2D1001062F6 /* Sources */ = {
			isa = PBXSourcesBuildPhase;
			buildActionMask = 2147483647;
			files = (
				18FB20151D1AB2D1001062F6 /* MBProgressHudTests.m in Sources */,
			);
			runOnlyForDeploymentPostprocessing = 0;
		};
		18FB20171D1AB2D1001062F6 /* Sources */ = {
			isa = PBXSourcesBuildPhase;
			buildActionMask = 2147483647;
			files = (
				18FB20201D1AB2D1001062F6 /* MBProgressHudUITests.m in Sources */,
			);
			runOnlyForDeploymentPostprocessing = 0;
		};
/* End PBXSourcesBuildPhase section */

/* Begin PBXTargetDependency section */
		18FB20121D1AB2D1001062F6 /* PBXTargetDependency */ = {
			isa = PBXTargetDependency;
			target = 18FB1FF61D1AB2D0001062F6 /* MBProgressHud */;
			targetProxy = 18FB20111D1AB2D1001062F6 /* PBXContainerItemProxy */;
		};
		18FB201D1D1AB2D1001062F6 /* PBXTargetDependency */ = {
			isa = PBXTargetDependency;
			target = 18FB1FF61D1AB2D0001062F6 /* MBProgressHud */;
			targetProxy = 18FB201C1D1AB2D1001062F6 /* PBXContainerItemProxy */;
		};
/* End PBXTargetDependency section */

/* Begin PBXVariantGroup section */
		18FB20031D1AB2D1001062F6 /* Main.storyboard */ = {
			isa = PBXVariantGroup;
			children = (
				18FB20041D1AB2D1001062F6 /* Base */,
			);
			name = Main.storyboard;
			sourceTree = "<group>";
		};
		18FB20081D1AB2D1001062F6 /* LaunchScreen.storyboard */ = {
			isa = PBXVariantGroup;
			children = (
				18FB20091D1AB2D1001062F6 /* Base */,
			);
			name = LaunchScreen.storyboard;
			sourceTree = "<group>";
		};
/* End PBXVariantGroup section */

/* Begin XCBuildConfiguration section */
		18FB20221D1AB2D1001062F6 /* Debug */ = {
			isa = XCBuildConfiguration;
			buildSettings = {
				ALWAYS_SEARCH_USER_PATHS = NO;
				CLANG_ANALYZER_NONNULL = YES;
				CLANG_CXX_LANGUAGE_STANDARD = "gnu++0x";
				CLANG_CXX_LIBRARY = "libc++";
				CLANG_ENABLE_MODULES = YES;
				CLANG_ENABLE_OBJC_ARC = YES;
				CLANG_WARN_BOOL_CONVERSION = YES;
				CLANG_WARN_CONSTANT_CONVERSION = YES;
				CLANG_WARN_DIRECT_OBJC_ISA_USAGE = YES_ERROR;
				CLANG_WARN_EMPTY_BODY = YES;
				CLANG_WARN_ENUM_CONVERSION = YES;
				CLANG_WARN_INT_CONVERSION = YES;
				CLANG_WARN_OBJC_ROOT_CLASS = YES_ERROR;
				CLANG_WARN_UNREACHABLE_CODE = YES;
				CLANG_WARN__DUPLICATE_METHOD_MATCH = YES;
				"CODE_SIGN_IDENTITY[sdk=iphoneos*]" = "iPhone Developer";
				COPY_PHASE_STRIP = NO;
				DEBUG_INFORMATION_FORMAT = dwarf;
				ENABLE_STRICT_OBJC_MSGSEND = YES;
				ENABLE_TESTABILITY = YES;
				GCC_C_LANGUAGE_STANDARD = gnu99;
				GCC_DYNAMIC_NO_PIC = NO;
				GCC_NO_COMMON_BLOCKS = YES;
				GCC_OPTIMIZATION_LEVEL = 0;
				GCC_PREPROCESSOR_DEFINITIONS = (
					"DEBUG=1",
					"$(inherited)",
				);
				GCC_WARN_64_TO_32_BIT_CONVERSION = YES;
				GCC_WARN_ABOUT_RETURN_TYPE = YES_ERROR;
				GCC_WARN_UNDECLARED_SELECTOR = YES;
				GCC_WARN_UNINITIALIZED_AUTOS = YES_AGGRESSIVE;
				GCC_WARN_UNUSED_FUNCTION = YES;
				GCC_WARN_UNUSED_VARIABLE = YES;
				IPHONEOS_DEPLOYMENT_TARGET = 9.3;
				MTL_ENABLE_DEBUG_INFO = YES;
				ONLY_ACTIVE_ARCH = YES;
				SDKROOT = iphoneos;
			};
			name = Debug;
		};
		18FB20231D1AB2D1001062F6 /* Release */ = {
			isa = XCBuildConfiguration;
			buildSettings = {
				ALWAYS_SEARCH_USER_PATHS = NO;
				CLANG_ANALYZER_NONNULL = YES;
				CLANG_CXX_LANGUAGE_STANDARD = "gnu++0x";
				CLANG_CXX_LIBRARY = "libc++";
				CLANG_ENABLE_MODULES = YES;
				CLANG_ENABLE_OBJC_ARC = YES;
				CLANG_WARN_BOOL_CONVERSION = YES;
				CLANG_WARN_CONSTANT_CONVERSION = YES;
				CLANG_WARN_DIRECT_OBJC_ISA_USAGE = YES_ERROR;
				CLANG_WARN_EMPTY_BODY = YES;
				CLANG_WARN_ENUM_CONVERSION = YES;
				CLANG_WARN_INT_CONVERSION = YES;
				CLANG_WARN_OBJC_ROOT_CLASS = YES_ERROR;
				CLANG_WARN_UNREACHABLE_CODE = YES;
				CLANG_WARN__DUPLICATE_METHOD_MATCH = YES;
				"CODE_SIGN_IDENTITY[sdk=iphoneos*]" = "iPhone Developer";
				COPY_PHASE_STRIP = NO;
				DEBUG_INFORMATION_FORMAT = "dwarf-with-dsym";
				ENABLE_NS_ASSERTIONS = NO;
				ENABLE_STRICT_OBJC_MSGSEND = YES;
				GCC_C_LANGUAGE_STANDARD = gnu99;
				GCC_NO_COMMON_BLOCKS = YES;
				GCC_WARN_64_TO_32_BIT_CONVERSION = YES;
				GCC_WARN_ABOUT_RETURN_TYPE = YES_ERROR;
				GCC_WARN_UNDECLARED_SELECTOR = YES;
				GCC_WARN_UNINITIALIZED_AUTOS = YES_AGGRESSIVE;
				GCC_WARN_UNUSED_FUNCTION = YES;
				GCC_WARN_UNUSED_VARIABLE = YES;
				IPHONEOS_DEPLOYMENT_TARGET = 9.3;
				MTL_ENABLE_DEBUG_INFO = NO;
				SDKROOT = iphoneos;
				VALIDATE_PRODUCT = YES;
			};
			name = Release;
		};
		18FB20251D1AB2D1001062F6 /* Debug */ = {
			isa = XCBuildConfiguration;
			buildSettings = {
				ASSETCATALOG_COMPILER_APPICON_NAME = AppIcon;
				INFOPLIST_FILE = MBProgressHud/Info.plist;
				LD_RUNPATH_SEARCH_PATHS = "$(inherited) @executable_path/Frameworks";
				PRODUCT_BUNDLE_IDENTIFIER = AhexTech.MBProgressHud;
				PRODUCT_NAME = "$(TARGET_NAME)";
			};
			name = Debug;
		};
		18FB20261D1AB2D1001062F6 /* Release */ = {
			isa = XCBuildConfiguration;
			buildSettings = {
				ASSETCATALOG_COMPILER_APPICON_NAME = AppIcon;
				INFOPLIST_FILE = MBProgressHud/Info.plist;
				LD_RUNPATH_SEARCH_PATHS = "$(inherited) @executable_path/Frameworks";
				PRODUCT_BUNDLE_IDENTIFIER = AhexTech.MBProgressHud;
				PRODUCT_NAME = "$(TARGET_NAME)";
			};
			name = Release;
		};
		18FB20281D1AB2D1001062F6 /* Debug */ = {
			isa = XCBuildConfiguration;
			buildSettings = {
				BUNDLE_LOADER = "$(TEST_HOST)";
				INFOPLIST_FILE = MBProgressHudTests/Info.plist;
				LD_RUNPATH_SEARCH_PATHS = "$(inherited) @executable_path/Frameworks @loader_path/Frameworks";
				PRODUCT_BUNDLE_IDENTIFIER = AhexTech.MBProgressHudTests;
				PRODUCT_NAME = "$(TARGET_NAME)";
				TEST_HOST = "$(BUILT_PRODUCTS_DIR)/MBProgressHud.app/MBProgressHud";
			};
			name = Debug;
		};
		18FB20291D1AB2D1001062F6 /* Release */ = {
			isa = XCBuildConfiguration;
			buildSettings = {
				BUNDLE_LOADER = "$(TEST_HOST)";
				INFOPLIST_FILE = MBProgressHudTests/Info.plist;
				LD_RUNPATH_SEARCH_PATHS = "$(inherited) @executable_path/Frameworks @loader_path/Frameworks";
				PRODUCT_BUNDLE_IDENTIFIER = AhexTech.MBProgressHudTests;
				PRODUCT_NAME = "$(TARGET_NAME)";
				TEST_HOST = "$(BUILT_PRODUCTS_DIR)/MBProgressHud.app/MBProgressHud";
			};
			name = Release;
		};
		18FB202B1D1AB2D1001062F6 /* Debug */ = {
			isa = XCBuildConfiguration;
			buildSettings = {
				INFOPLIST_FILE = MBProgressHudUITests/Info.plist;
				LD_RUNPATH_SEARCH_PATHS = "$(inherited) @executable_path/Frameworks @loader_path/Frameworks";
				PRODUCT_BUNDLE_IDENTIFIER = AhexTech.MBProgressHudUITests;
				PRODUCT_NAME = "$(TARGET_NAME)";
				TEST_TARGET_NAME = MBProgressHud;
			};
			name = Debug;
		};
		18FB202C1D1AB2D1001062F6 /* Release */ = {
			isa = XCBuildConfiguration;
			buildSettings = {
				INFOPLIST_FILE = MBProgressHudUITests/Info.plist;
				LD_RUNPATH_SEARCH_PATHS = "$(inherited) @executable_path/Frameworks @loader_path/Frameworks";
				PRODUCT_BUNDLE_IDENTIFIER = AhexTech.MBProgressHudUITests;
				PRODUCT_NAME = "$(TARGET_NAME)";
				TEST_TARGET_NAME = MBProgressHud;
			};
			name = Release;
		};
/* End XCBuildConfiguration section */

/* Begin XCConfigurationList section */
		18FB1FF21D1AB2D0001062F6 /* Build configuration list for PBXProject "MBProgressHud" */ = {
			isa = XCConfigurationList;
			buildConfigurations = (
				18FB20221D1AB2D1001062F6 /* Debug */,
				18FB20231D1AB2D1001062F6 /* Release */,
			);
			defaultConfigurationIsVisible = 0;
			defaultConfigurationName = Release;
		};
		18FB20241D1AB2D1001062F6 /* Build configuration list for PBXNativeTarget "MBProgressHud" */ = {
			isa = XCConfigurationList;
			buildConfigurations = (
				18FB20251D1AB2D1001062F6 /* Debug */,
				18FB20261D1AB2D1001062F6 /* Release */,
			);
			defaultConfigurationIsVisible = 0;
		};
		18FB20271D1AB2D1001062F6 /* Build configuration list for PBXNativeTarget "MBProgressHudTests" */ = {
			isa = XCConfigurationList;
			buildConfigurations = (
				18FB20281D1AB2D1001062F6 /* Debug */,
				18FB20291D1AB2D1001062F6 /* Release */,
			);
			defaultConfigurationIsVisible = 0;
		};
		18FB202A1D1AB2D1001062F6 /* Build configuration list for PBXNativeTarget "MBProgressHudUITests" */ = {
			isa = XCConfigurationList;
			buildConfigurations = (
				18FB202B1D1AB2D1001062F6 /* Debug */,
				18FB202C1D1AB2D1001062F6 /* Release */,
			);
			defaultConfigurationIsVisible = 0;
		};
/* End XCConfigurationList section */
	};
	rootObject = 18FB1FEF1D1AB2D0001062F6 /* Project object */;
}
